
Microsoft Visual Studio Solution File, Format Version 12.00
# Visual Studio Version 16
VisualStudioVersion = 16.0.30711.63
MinimumVisualStudioVersion = 10.0.40219.1
Project("{FAE04EC0-301F-11D3-BF4B-00C04F79EFBC}") = "hockey", "hockey\hockey.csproj", "{67BA26DB-1B09-44FB-A467-3B8AEFFB57FE}"
EndProject
Global
	GlobalSection(SolutionConfigurationPlatforms) = preSolution
		Debug|Any CPU = Debug|Any CPU
		Release|Any CPU = Release|Any CPU
	EndGlobalSection
	GlobalSection(ProjectConfigurationPlatforms) = postSolution
		{67BA26DB-1B09-44FB-A467-3B8AEFFB57FE}.Debug|Any CPU.ActiveCfg = Debug|Any CPU
		{67BA26DB-1B09-44FB-A467-3B8AEFFB57FE}.Debug|Any CPU.Build.0 = Debug|Any CPU
		{67BA26DB-1B09-44FB-A467-3B8AEFFB57FE}.Release|Any CPU.ActiveCfg = Release|Any CPU
		{67BA26DB-1B09-44FB-A467-3B8AEFFB57FE}.Release|Any CPU.Build.0 = Release|Any CPU
	EndGlobalSection
	GlobalSection(SolutionProperties) = preSolution
		HideSolutionNode = FALSE
	EndGlobalSection
	GlobalSection(ExtensibilityGlobals) = postSolution
		SolutionGuid = {014C4F01-5E29-4FD3-9F2F-8FB844563A0B}
	EndGlobalSection
EndGlobal
